
Microsoft Visual Studio Solution File, Format Version 12.00
# Visual Studio Version 16
VisualStudioVersion = 16.0.31424.327
MinimumVisualStudioVersion = 10.0.40219.1
Project("{9A19103F-16F7-4668-BE54-9A1E7A4F7556}") = "AlgorithmTasks", "AlgorithmTasks\AlgorithmTasks.csproj", "{CEB96CFD-83A8-45C1-8D1E-4E3E6DF7D86A}"
EndProject
Project("{FAE04EC0-301F-11D3-BF4B-00C04F79EFBC}") = "Task1", "Task1\Task1.csproj", "{001378BC-A6CD-43D1-8E69-572B95CE04DC}"
EndProject
Global
	GlobalSection(SolutionConfigurationPlatforms) = preSolution
		Debug|Any CPU = Debug|Any CPU
		Release|Any CPU = Release|Any CPU
	EndGlobalSection
	GlobalSection(ProjectConfigurationPlatforms) = postSolution
		{CEB96CFD-83A8-45C1-8D1E-4E3E6DF7D86A}.Debug|Any CPU.ActiveCfg = Debug|Any CPU
		{CEB96CFD-83A8-45C1-8D1E-4E3E6DF7D86A}.Debug|Any CPU.Build.0 = Debug|Any CPU
		{CEB96CFD-83A8-45C1-8D1E-4E3E6DF7D86A}.Release|Any CPU.ActiveCfg = Release|Any CPU
		{CEB96CFD-83A8-45C1-8D1E-4E3E6DF7D86A}.Release|Any CPU.Build.0 = Release|Any CPU
		{001378BC-A6CD-43D1-8E69-572B95CE04DC}.Debug|Any CPU.ActiveCfg = Debug|Any CPU
		{001378BC-A6CD-43D1-8E69-572B95CE04DC}.Debug|Any CPU.Build.0 = Debug|Any CPU
		{001378BC-A6CD-43D1-8E69-572B95CE04DC}.Release|Any CPU.ActiveCfg = Release|Any CPU
		{001378BC-A6CD-43D1-8E69-572B95CE04DC}.Release|Any CPU.Build.0 = Release|Any CPU
	EndGlobalSection
	GlobalSection(SolutionProperties) = preSolution
		HideSolutionNode = FALSE
	EndGlobalSection
	GlobalSection(ExtensibilityGlobals) = postSolution
		SolutionGuid = {F5C40349-E664-457E-8CA4-447B903B0344}
	EndGlobalSection
EndGlobal
