
Microsoft Visual Studio Solution File, Format Version 12.00
# Visual Studio Version 16
VisualStudioVersion = 16.0.31424.327
MinimumVisualStudioVersion = 10.0.40219.1
Project("{9A19103F-16F7-4668-BE54-9A1E7A4F7556}") = "AlgorithmTasks", "AlgorithmTasks\AlgorithmTasks.csproj", "{CEB96CFD-83A8-45C1-8D1E-4E3E6DF7D86A}"
EndProject
Project("{9A19103F-16F7-4668-BE54-9A1E7A4F7556}") = "Task1", "Task1\Task1.csproj", "{001378BC-A6CD-43D1-8E69-572B95CE04DC}"
EndProject
Project("{9A19103F-16F7-4668-BE54-9A1E7A4F7556}") = "Task2", "Task2\Task2.csproj", "{06D96F70-C18B-4A22-B8B2-43FB42CAD0EF}"
EndProject
Project("{9A19103F-16F7-4668-BE54-9A1E7A4F7556}") = "Task3", "Task3\Task3.csproj", "{0A9FE433-5DBD-42C7-9A54-C7E56ADAB332}"
EndProject
Project("{9A19103F-16F7-4668-BE54-9A1E7A4F7556}") = "Task4", "Task4\Task4.csproj", "{7539894D-8444-41C1-BC16-DED067DAB231}"
EndProject
Project("{9A19103F-16F7-4668-BE54-9A1E7A4F7556}") = "Task5", "Task5\Task5.csproj", "{74DA3F23-8611-403A-B59E-5A465159EA59}"
EndProject
Project("{9A19103F-16F7-4668-BE54-9A1E7A4F7556}") = "Task6", "Task6\Task6.csproj", "{A8388F23-5F20-43EC-9C1C-32CCE469F610}"
EndProject
Project("{9A19103F-16F7-4668-BE54-9A1E7A4F7556}") = "Task7", "Task7\Task7.csproj", "{E66BA7A0-9A7D-4A93-9188-751605B2AB43}"
EndProject
Project("{9A19103F-16F7-4668-BE54-9A1E7A4F7556}") = "Task7 way 2", "Task7 way 2\Task7 way 2.csproj", "{55C6D8DB-B3D6-4D2E-AE48-83452ACE6695}"
EndProject
Project("{9A19103F-16F7-4668-BE54-9A1E7A4F7556}") = "Task8", "Task8\Task8.csproj", "{27681C6A-9774-4D61-A4D5-E52290575331}"
EndProject
Project("{9A19103F-16F7-4668-BE54-9A1E7A4F7556}") = "Task9", "Task9\Task9.csproj", "{55824C27-FFFF-4FB0-B49F-8BD496D00608}"
EndProject
Project("{9A19103F-16F7-4668-BE54-9A1E7A4F7556}") = "Task10", "Task10\Task10.csproj", "{4CCD0358-786C-4643-AB55-4F777527BD8A}"
EndProject
Project("{9A19103F-16F7-4668-BE54-9A1E7A4F7556}") = "Task11", "Task11\Task11.csproj", "{DF275B30-81A2-47B1-A7B3-FBF407B0067D}"
EndProject
Project("{9A19103F-16F7-4668-BE54-9A1E7A4F7556}") = "Task12", "Task12\Task12.csproj", "{E7226F6E-D599-46C8-A672-2E589355FABF}"
EndProject
Project("{9A19103F-16F7-4668-BE54-9A1E7A4F7556}") = "Task14", "Task14\Task14.csproj", "{E6EFE304-CE9A-4586-90E0-3268FA9FC396}"
EndProject
Project("{9A19103F-16F7-4668-BE54-9A1E7A4F7556}") = "Task13", "Task13\Task13.csproj", "{03D7CBDD-6A03-448F-BC23-1503D403F371}"
EndProject
Project("{9A19103F-16F7-4668-BE54-9A1E7A4F7556}") = "Task15", "Task15\Task15.csproj", "{54029949-3688-45CB-B875-A686B6123687}"
EndProject
Project("{FAE04EC0-301F-11D3-BF4B-00C04F79EFBC}") = "Task16", "Task16\Task16.csproj", "{F8EF02DA-0FF2-45D6-AA14-BDE2751DE04A}"
EndProject
Global
	GlobalSection(SolutionConfigurationPlatforms) = preSolution
		Debug|Any CPU = Debug|Any CPU
		Release|Any CPU = Release|Any CPU
	EndGlobalSection
	GlobalSection(ProjectConfigurationPlatforms) = postSolution
		{CEB96CFD-83A8-45C1-8D1E-4E3E6DF7D86A}.Debug|Any CPU.ActiveCfg = Debug|Any CPU
		{CEB96CFD-83A8-45C1-8D1E-4E3E6DF7D86A}.Debug|Any CPU.Build.0 = Debug|Any CPU
		{CEB96CFD-83A8-45C1-8D1E-4E3E6DF7D86A}.Release|Any CPU.ActiveCfg = Release|Any CPU
		{CEB96CFD-83A8-45C1-8D1E-4E3E6DF7D86A}.Release|Any CPU.Build.0 = Release|Any CPU
		{001378BC-A6CD-43D1-8E69-572B95CE04DC}.Debug|Any CPU.ActiveCfg = Debug|Any CPU
		{001378BC-A6CD-43D1-8E69-572B95CE04DC}.Debug|Any CPU.Build.0 = Debug|Any CPU
		{001378BC-A6CD-43D1-8E69-572B95CE04DC}.Release|Any CPU.ActiveCfg = Release|Any CPU
		{001378BC-A6CD-43D1-8E69-572B95CE04DC}.Release|Any CPU.Build.0 = Release|Any CPU
		{06D96F70-C18B-4A22-B8B2-43FB42CAD0EF}.Debug|Any CPU.ActiveCfg = Debug|Any CPU
		{06D96F70-C18B-4A22-B8B2-43FB42CAD0EF}.Debug|Any CPU.Build.0 = Debug|Any CPU
		{06D96F70-C18B-4A22-B8B2-43FB42CAD0EF}.Release|Any CPU.ActiveCfg = Release|Any CPU
		{06D96F70-C18B-4A22-B8B2-43FB42CAD0EF}.Release|Any CPU.Build.0 = Release|Any CPU
		{0A9FE433-5DBD-42C7-9A54-C7E56ADAB332}.Debug|Any CPU.ActiveCfg = Debug|Any CPU
		{0A9FE433-5DBD-42C7-9A54-C7E56ADAB332}.Debug|Any CPU.Build.0 = Debug|Any CPU
		{0A9FE433-5DBD-42C7-9A54-C7E56ADAB332}.Release|Any CPU.ActiveCfg = Release|Any CPU
		{0A9FE433-5DBD-42C7-9A54-C7E56ADAB332}.Release|Any CPU.Build.0 = Release|Any CPU
		{7539894D-8444-41C1-BC16-DED067DAB231}.Debug|Any CPU.ActiveCfg = Debug|Any CPU
		{7539894D-8444-41C1-BC16-DED067DAB231}.Debug|Any CPU.Build.0 = Debug|Any CPU
		{7539894D-8444-41C1-BC16-DED067DAB231}.Release|Any CPU.ActiveCfg = Release|Any CPU
		{7539894D-8444-41C1-BC16-DED067DAB231}.Release|Any CPU.Build.0 = Release|Any CPU
		{74DA3F23-8611-403A-B59E-5A465159EA59}.Debug|Any CPU.ActiveCfg = Debug|Any CPU
		{74DA3F23-8611-403A-B59E-5A465159EA59}.Debug|Any CPU.Build.0 = Debug|Any CPU
		{74DA3F23-8611-403A-B59E-5A465159EA59}.Release|Any CPU.ActiveCfg = Release|Any CPU
		{74DA3F23-8611-403A-B59E-5A465159EA59}.Release|Any CPU.Build.0 = Release|Any CPU
		{A8388F23-5F20-43EC-9C1C-32CCE469F610}.Debug|Any CPU.ActiveCfg = Debug|Any CPU
		{A8388F23-5F20-43EC-9C1C-32CCE469F610}.Debug|Any CPU.Build.0 = Debug|Any CPU
		{A8388F23-5F20-43EC-9C1C-32CCE469F610}.Release|Any CPU.ActiveCfg = Release|Any CPU
		{A8388F23-5F20-43EC-9C1C-32CCE469F610}.Release|Any CPU.Build.0 = Release|Any CPU
		{E66BA7A0-9A7D-4A93-9188-751605B2AB43}.Debug|Any CPU.ActiveCfg = Debug|Any CPU
		{E66BA7A0-9A7D-4A93-9188-751605B2AB43}.Debug|Any CPU.Build.0 = Debug|Any CPU
		{E66BA7A0-9A7D-4A93-9188-751605B2AB43}.Release|Any CPU.ActiveCfg = Release|Any CPU
		{E66BA7A0-9A7D-4A93-9188-751605B2AB43}.Release|Any CPU.Build.0 = Release|Any CPU
		{55C6D8DB-B3D6-4D2E-AE48-83452ACE6695}.Debug|Any CPU.ActiveCfg = Debug|Any CPU
		{55C6D8DB-B3D6-4D2E-AE48-83452ACE6695}.Debug|Any CPU.Build.0 = Debug|Any CPU
		{55C6D8DB-B3D6-4D2E-AE48-83452ACE6695}.Release|Any CPU.ActiveCfg = Release|Any CPU
		{55C6D8DB-B3D6-4D2E-AE48-83452ACE6695}.Release|Any CPU.Build.0 = Release|Any CPU
		{27681C6A-9774-4D61-A4D5-E52290575331}.Debug|Any CPU.ActiveCfg = Debug|Any CPU
		{27681C6A-9774-4D61-A4D5-E52290575331}.Debug|Any CPU.Build.0 = Debug|Any CPU
		{27681C6A-9774-4D61-A4D5-E52290575331}.Release|Any CPU.ActiveCfg = Release|Any CPU
		{27681C6A-9774-4D61-A4D5-E52290575331}.Release|Any CPU.Build.0 = Release|Any CPU
		{55824C27-FFFF-4FB0-B49F-8BD496D00608}.Debug|Any CPU.ActiveCfg = Debug|Any CPU
		{55824C27-FFFF-4FB0-B49F-8BD496D00608}.Debug|Any CPU.Build.0 = Debug|Any CPU
		{55824C27-FFFF-4FB0-B49F-8BD496D00608}.Release|Any CPU.ActiveCfg = Release|Any CPU
		{55824C27-FFFF-4FB0-B49F-8BD496D00608}.Release|Any CPU.Build.0 = Release|Any CPU
		{4CCD0358-786C-4643-AB55-4F777527BD8A}.Debug|Any CPU.ActiveCfg = Debug|Any CPU
		{4CCD0358-786C-4643-AB55-4F777527BD8A}.Debug|Any CPU.Build.0 = Debug|Any CPU
		{4CCD0358-786C-4643-AB55-4F777527BD8A}.Release|Any CPU.ActiveCfg = Release|Any CPU
		{4CCD0358-786C-4643-AB55-4F777527BD8A}.Release|Any CPU.Build.0 = Release|Any CPU
		{DF275B30-81A2-47B1-A7B3-FBF407B0067D}.Debug|Any CPU.ActiveCfg = Debug|Any CPU
		{DF275B30-81A2-47B1-A7B3-FBF407B0067D}.Debug|Any CPU.Build.0 = Debug|Any CPU
		{DF275B30-81A2-47B1-A7B3-FBF407B0067D}.Release|Any CPU.ActiveCfg = Release|Any CPU
		{DF275B30-81A2-47B1-A7B3-FBF407B0067D}.Release|Any CPU.Build.0 = Release|Any CPU
		{E7226F6E-D599-46C8-A672-2E589355FABF}.Debug|Any CPU.ActiveCfg = Debug|Any CPU
		{E7226F6E-D599-46C8-A672-2E589355FABF}.Debug|Any CPU.Build.0 = Debug|Any CPU
		{E7226F6E-D599-46C8-A672-2E589355FABF}.Release|Any CPU.ActiveCfg = Release|Any CPU
		{E7226F6E-D599-46C8-A672-2E589355FABF}.Release|Any CPU.Build.0 = Release|Any CPU
		{E6EFE304-CE9A-4586-90E0-3268FA9FC396}.Debug|Any CPU.ActiveCfg = Debug|Any CPU
		{E6EFE304-CE9A-4586-90E0-3268FA9FC396}.Debug|Any CPU.Build.0 = Debug|Any CPU
		{E6EFE304-CE9A-4586-90E0-3268FA9FC396}.Release|Any CPU.ActiveCfg = Release|Any CPU
		{E6EFE304-CE9A-4586-90E0-3268FA9FC396}.Release|Any CPU.Build.0 = Release|Any CPU
		{03D7CBDD-6A03-448F-BC23-1503D403F371}.Debug|Any CPU.ActiveCfg = Debug|Any CPU
		{03D7CBDD-6A03-448F-BC23-1503D403F371}.Debug|Any CPU.Build.0 = Debug|Any CPU
		{03D7CBDD-6A03-448F-BC23-1503D403F371}.Release|Any CPU.ActiveCfg = Release|Any CPU
		{03D7CBDD-6A03-448F-BC23-1503D403F371}.Release|Any CPU.Build.0 = Release|Any CPU
		{54029949-3688-45CB-B875-A686B6123687}.Debug|Any CPU.ActiveCfg = Debug|Any CPU
		{54029949-3688-45CB-B875-A686B6123687}.Debug|Any CPU.Build.0 = Debug|Any CPU
		{54029949-3688-45CB-B875-A686B6123687}.Release|Any CPU.ActiveCfg = Release|Any CPU
		{54029949-3688-45CB-B875-A686B6123687}.Release|Any CPU.Build.0 = Release|Any CPU
		{F8EF02DA-0FF2-45D6-AA14-BDE2751DE04A}.Debug|Any CPU.ActiveCfg = Debug|Any CPU
		{F8EF02DA-0FF2-45D6-AA14-BDE2751DE04A}.Debug|Any CPU.Build.0 = Debug|Any CPU
		{F8EF02DA-0FF2-45D6-AA14-BDE2751DE04A}.Release|Any CPU.ActiveCfg = Release|Any CPU
		{F8EF02DA-0FF2-45D6-AA14-BDE2751DE04A}.Release|Any CPU.Build.0 = Release|Any CPU
	EndGlobalSection
	GlobalSection(SolutionProperties) = preSolution
		HideSolutionNode = FALSE
	EndGlobalSection
	GlobalSection(ExtensibilityGlobals) = postSolution
		SolutionGuid = {F5C40349-E664-457E-8CA4-447B903B0344}
	EndGlobalSection
EndGlobal
